
Microsoft Visual Studio Solution File, Format Version 12.00
# Visual Studio Version 17
VisualStudioVersion = 17.0.31903.59
MinimumVisualStudioVersion = 10.0.40219.1
Project("{2150E333-8FDC-42A3-9474-1A3956D46DE8}") = "AutoMachines", "AutoMachines", "{32273338-9C03-2DD4-F8F2-CA83782E8E85}"
EndProject
Project("{2150E333-8FDC-42A3-9474-1A3956D46DE8}") = "src", "src", "{0AFF7164-B302-6EDD-EB87-4E35921C3F18}"
EndProject
Project("{FAE04EC0-301F-11D3-BF4B-00C04F79EFBC}") = "AutoMachines", "AutoMachines\src\AutoMachines\AutoMachines.csproj", "{0F9B3079-3104-4DE9-A473-E66D8B56C187}"
EndProject
Project("{2150E333-8FDC-42A3-9474-1A3956D46DE8}") = "UnlockAllBlueprints", "UnlockAllBlueprints", "{D227B0A9-4420-824D-C916-AF436A118BD5}"
EndProject
Project("{2150E333-8FDC-42A3-9474-1A3956D46DE8}") = "src", "src", "{16247614-E8B3-534F-F5CA-1CD4053E4353}"
EndProject
Project("{FAE04EC0-301F-11D3-BF4B-00C04F79EFBC}") = "UnlockAllBlueprints", "UnlockAllBlueprints\src\UnlockAllBlueprints\UnlockAllBlueprints.csproj", "{7BEA9F27-594A-40E8-BC91-A217CD3874BA}"
EndProject
Project("{2150E333-8FDC-42A3-9474-1A3956D46DE8}") = "Lumen", "Lumen", "{45BCE9B4-0488-4BD3-6EE8-EAA9750125A7}"
EndProject
Project("{2150E333-8FDC-42A3-9474-1A3956D46DE8}") = "src", "src", "{544FC7DC-71AA-10F4-2BC8-A8B3F4F0D8D3}"
EndProject
Project("{FAE04EC0-301F-11D3-BF4B-00C04F79EFBC}") = "Lumen", "Lumen\src\Lumen\Lumen.csproj", "{ABC4DB79-A8E8-427B-A4B6-86DA62D9C8AB}"
EndProject
Project("{2150E333-8FDC-42A3-9474-1A3956D46DE8}") = "FastInsulatedSelfSealingAirLock", "FastInsulatedSelfSealingAirLock", "{5ABA353C-EECE-6818-8C6E-C618D64C75A7}"
EndProject
Project("{2150E333-8FDC-42A3-9474-1A3956D46DE8}") = "src", "src", "{5E72CE1E-7506-016F-F975-46097FE9062E}"
EndProject
Project("{FAE04EC0-301F-11D3-BF4B-00C04F79EFBC}") = "FastInsulatedSelfSealingAirLock", "FastInsulatedSelfSealingAirLock\src\FastInsulatedSelfSealingAirLock\FastInsulatedSelfSealingAirLock.csproj", "{D9BD4206-F7F6-4991-A1BC-133A333C013F}"
EndProject
Project("{2150E333-8FDC-42A3-9474-1A3956D46DE8}") = "InsulatedFarmTiles", "InsulatedFarmTiles", "{34ED7E3B-C4DA-69D7-C0F9-916D12430A64}"
EndProject
Project("{2150E333-8FDC-42A3-9474-1A3956D46DE8}") = "src", "src", "{D30A72B7-1581-859E-E4A7-AC180522C65B}"
EndProject
Project("{FAE04EC0-301F-11D3-BF4B-00C04F79EFBC}") = "InsulatedFarmTiles", "InsulatedFarmTiles\src\InsulatedFarmTiles\InsulatedFarmTiles.csproj", "{AD1A8C61-DC8B-43C1-9267-C72A3275B229}"
EndProject
Global
	GlobalSection(SolutionConfigurationPlatforms) = preSolution
		Debug|Any CPU = Debug|Any CPU
		Debug|x64 = Debug|x64
		Debug|x86 = Debug|x86
		Release|Any CPU = Release|Any CPU
		Release|x64 = Release|x64
		Release|x86 = Release|x86
	EndGlobalSection
	GlobalSection(ProjectConfigurationPlatforms) = postSolution
		{0F9B3079-3104-4DE9-A473-E66D8B56C187}.Debug|Any CPU.ActiveCfg = Debug|Any CPU
		{0F9B3079-3104-4DE9-A473-E66D8B56C187}.Debug|Any CPU.Build.0 = Debug|Any CPU
		{0F9B3079-3104-4DE9-A473-E66D8B56C187}.Debug|x64.ActiveCfg = Debug|Any CPU
		{0F9B3079-3104-4DE9-A473-E66D8B56C187}.Debug|x64.Build.0 = Debug|Any CPU
		{0F9B3079-3104-4DE9-A473-E66D8B56C187}.Debug|x86.ActiveCfg = Debug|Any CPU
		{0F9B3079-3104-4DE9-A473-E66D8B56C187}.Debug|x86.Build.0 = Debug|Any CPU
		{0F9B3079-3104-4DE9-A473-E66D8B56C187}.Release|Any CPU.ActiveCfg = Release|Any CPU
		{0F9B3079-3104-4DE9-A473-E66D8B56C187}.Release|Any CPU.Build.0 = Release|Any CPU
		{0F9B3079-3104-4DE9-A473-E66D8B56C187}.Release|x64.ActiveCfg = Release|Any CPU
		{0F9B3079-3104-4DE9-A473-E66D8B56C187}.Release|x64.Build.0 = Release|Any CPU
		{0F9B3079-3104-4DE9-A473-E66D8B56C187}.Release|x86.ActiveCfg = Release|Any CPU
		{0F9B3079-3104-4DE9-A473-E66D8B56C187}.Release|x86.Build.0 = Release|Any CPU
		{7BEA9F27-594A-40E8-BC91-A217CD3874BA}.Debug|Any CPU.ActiveCfg = Debug|Any CPU
		{7BEA9F27-594A-40E8-BC91-A217CD3874BA}.Debug|Any CPU.Build.0 = Debug|Any CPU
		{7BEA9F27-594A-40E8-BC91-A217CD3874BA}.Debug|x64.ActiveCfg = Debug|Any CPU
		{7BEA9F27-594A-40E8-BC91-A217CD3874BA}.Debug|x64.Build.0 = Debug|Any CPU
		{7BEA9F27-594A-40E8-BC91-A217CD3874BA}.Debug|x86.ActiveCfg = Debug|Any CPU
		{7BEA9F27-594A-40E8-BC91-A217CD3874BA}.Debug|x86.Build.0 = Debug|Any CPU
		{7BEA9F27-594A-40E8-BC91-A217CD3874BA}.Release|Any CPU.ActiveCfg = Release|Any CPU
		{7BEA9F27-594A-40E8-BC91-A217CD3874BA}.Release|Any CPU.Build.0 = Release|Any CPU
		{7BEA9F27-594A-40E8-BC91-A217CD3874BA}.Release|x64.ActiveCfg = Release|Any CPU
		{7BEA9F27-594A-40E8-BC91-A217CD3874BA}.Release|x64.Build.0 = Release|Any CPU
		{7BEA9F27-594A-40E8-BC91-A217CD3874BA}.Release|x86.ActiveCfg = Release|Any CPU
		{7BEA9F27-594A-40E8-BC91-A217CD3874BA}.Release|x86.Build.0 = Release|Any CPU
		{ABC4DB79-A8E8-427B-A4B6-86DA62D9C8AB}.Debug|Any CPU.ActiveCfg = Debug|Any CPU
		{ABC4DB79-A8E8-427B-A4B6-86DA62D9C8AB}.Debug|Any CPU.Build.0 = Debug|Any CPU
		{ABC4DB79-A8E8-427B-A4B6-86DA62D9C8AB}.Debug|x64.ActiveCfg = Debug|Any CPU
		{ABC4DB79-A8E8-427B-A4B6-86DA62D9C8AB}.Debug|x64.Build.0 = Debug|Any CPU
		{ABC4DB79-A8E8-427B-A4B6-86DA62D9C8AB}.Debug|x86.ActiveCfg = Debug|Any CPU
		{ABC4DB79-A8E8-427B-A4B6-86DA62D9C8AB}.Debug|x86.Build.0 = Debug|Any CPU
		{ABC4DB79-A8E8-427B-A4B6-86DA62D9C8AB}.Release|Any CPU.ActiveCfg = Release|Any CPU
		{ABC4DB79-A8E8-427B-A4B6-86DA62D9C8AB}.Release|Any CPU.Build.0 = Release|Any CPU
		{ABC4DB79-A8E8-427B-A4B6-86DA62D9C8AB}.Release|x64.ActiveCfg = Release|Any CPU
		{ABC4DB79-A8E8-427B-A4B6-86DA62D9C8AB}.Release|x64.Build.0 = Release|Any CPU
		{ABC4DB79-A8E8-427B-A4B6-86DA62D9C8AB}.Release|x86.ActiveCfg = Release|Any CPU
		{ABC4DB79-A8E8-427B-A4B6-86DA62D9C8AB}.Release|x86.Build.0 = Release|Any CPU
		{D9BD4206-F7F6-4991-A1BC-133A333C013F}.Debug|Any CPU.ActiveCfg = Debug|Any CPU
		{D9BD4206-F7F6-4991-A1BC-133A333C013F}.Debug|Any CPU.Build.0 = Debug|Any CPU
		{D9BD4206-F7F6-4991-A1BC-133A333C013F}.Debug|x64.ActiveCfg = Debug|Any CPU
		{D9BD4206-F7F6-4991-A1BC-133A333C013F}.Debug|x64.Build.0 = Debug|Any CPU
		{D9BD4206-F7F6-4991-A1BC-133A333C013F}.Debug|x86.ActiveCfg = Debug|Any CPU
		{D9BD4206-F7F6-4991-A1BC-133A333C013F}.Debug|x86.Build.0 = Debug|Any CPU
		{D9BD4206-F7F6-4991-A1BC-133A333C013F}.Release|Any CPU.ActiveCfg = Release|Any CPU
		{D9BD4206-F7F6-4991-A1BC-133A333C013F}.Release|Any CPU.Build.0 = Release|Any CPU
		{D9BD4206-F7F6-4991-A1BC-133A333C013F}.Release|x64.ActiveCfg = Release|Any CPU
		{D9BD4206-F7F6-4991-A1BC-133A333C013F}.Release|x64.Build.0 = Release|Any CPU
		{D9BD4206-F7F6-4991-A1BC-133A333C013F}.Release|x86.ActiveCfg = Release|Any CPU
		{D9BD4206-F7F6-4991-A1BC-133A333C013F}.Release|x86.Build.0 = Release|Any CPU
		{AD1A8C61-DC8B-43C1-9267-C72A3275B229}.Debug|Any CPU.ActiveCfg = Debug|Any CPU
		{AD1A8C61-DC8B-43C1-9267-C72A3275B229}.Debug|Any CPU.Build.0 = Debug|Any CPU
		{AD1A8C61-DC8B-43C1-9267-C72A3275B229}.Debug|x64.ActiveCfg = Debug|Any CPU
		{AD1A8C61-DC8B-43C1-9267-C72A3275B229}.Debug|x64.Build.0 = Debug|Any CPU
		{AD1A8C61-DC8B-43C1-9267-C72A3275B229}.Debug|x86.ActiveCfg = Debug|Any CPU
		{AD1A8C61-DC8B-43C1-9267-C72A3275B229}.Debug|x86.Build.0 = Debug|Any CPU
		{AD1A8C61-DC8B-43C1-9267-C72A3275B229}.Release|Any CPU.ActiveCfg = Release|Any CPU
		{AD1A8C61-DC8B-43C1-9267-C72A3275B229}.Release|Any CPU.Build.0 = Release|Any CPU
		{AD1A8C61-DC8B-43C1-9267-C72A3275B229}.Release|x64.ActiveCfg = Release|Any CPU
		{AD1A8C61-DC8B-43C1-9267-C72A3275B229}.Release|x64.Build.0 = Release|Any CPU
		{AD1A8C61-DC8B-43C1-9267-C72A3275B229}.Release|x86.ActiveCfg = Release|Any CPU
		{AD1A8C61-DC8B-43C1-9267-C72A3275B229}.Release|x86.Build.0 = Release|Any CPU
	EndGlobalSection
	GlobalSection(SolutionProperties) = preSolution
		HideSolutionNode = FALSE
	EndGlobalSection
	GlobalSection(NestedProjects) = preSolution
		{0AFF7164-B302-6EDD-EB87-4E35921C3F18} = {32273338-9C03-2DD4-F8F2-CA83782E8E85}
		{0F9B3079-3104-4DE9-A473-E66D8B56C187} = {0AFF7164-B302-6EDD-EB87-4E35921C3F18}
		{16247614-E8B3-534F-F5CA-1CD4053E4353} = {D227B0A9-4420-824D-C916-AF436A118BD5}
		{7BEA9F27-594A-40E8-BC91-A217CD3874BA} = {16247614-E8B3-534F-F5CA-1CD4053E4353}
		{544FC7DC-71AA-10F4-2BC8-A8B3F4F0D8D3} = {45BCE9B4-0488-4BD3-6EE8-EAA9750125A7}
		{ABC4DB79-A8E8-427B-A4B6-86DA62D9C8AB} = {544FC7DC-71AA-10F4-2BC8-A8B3F4F0D8D3}
		{5E72CE1E-7506-016F-F975-46097FE9062E} = {5ABA353C-EECE-6818-8C6E-C618D64C75A7}
		{D9BD4206-F7F6-4991-A1BC-133A333C013F} = {5E72CE1E-7506-016F-F975-46097FE9062E}
		{D30A72B7-1581-859E-E4A7-AC180522C65B} = {34ED7E3B-C4DA-69D7-C0F9-916D12430A64}
		{AD1A8C61-DC8B-43C1-9267-C72A3275B229} = {D30A72B7-1581-859E-E4A7-AC180522C65B}
	EndGlobalSection
EndGlobal
